
Microsoft Visual Studio Solution File, Format Version 12.00
# Visual Studio Version 17
VisualStudioVersion = 17.14.36603.0
MinimumVisualStudioVersion = 10.0.40219.1
Project("{FAE04EC0-301F-11D3-BF4B-00C04F79EFBC}") = "GestaoLoja", "GestaoLoja\GestaoLoja.csproj", "{4D6D66D4-2B87-402A-A91A-042118F3D883}"
EndProject
Project("{FAE04EC0-301F-11D3-BF4B-00C04F79EFBC}") = "RESTfulAPIPWeb", "RESTfulAPIPWeb\RESTfulAPIPWeb.csproj", "{3C2576C2-FB46-4F5D-BCF9-87A8D3E4C6BB}"
EndProject
Project("{FAE04EC0-301F-11D3-BF4B-00C04F79EFBC}") = "MyMediaMAUI", "MyMediaMAUI\MyMediaMAUI.csproj", "{ECFA529F-FB91-4B2E-A194-FC3AAC576F21}"
EndProject
Project("{FAE04EC0-301F-11D3-BF4B-00C04F79EFBC}") = "MyMediaWeb", "MyMediaWeb\MyMediaWeb.csproj", "{1C59E48A-52D7-47AC-94C2-7391717531FB}"
EndProject
Project("{FAE04EC0-301F-11D3-BF4B-00C04F79EFBC}") = "RCLAPI", "RCLAPI\RCLAPI.csproj", "{C1879159-7938-43EB-B0EE-DF324AD456BE}"
EndProject
Project("{FAE04EC0-301F-11D3-BF4B-00C04F79EFBC}") = "RCLCompras", "RCLCompras\RCLCompras.csproj", "{6F60AFF5-83D4-43B5-8506-C9521AB45476}"
EndProject
Project("{FAE04EC0-301F-11D3-BF4B-00C04F79EFBC}") = "RCLComum", "RCLComum\RCLComum.csproj", "{BFE41D9E-E07C-4EBA-B538-7BD06824AFD5}"
EndProject
Project("{FAE04EC0-301F-11D3-BF4B-00C04F79EFBC}") = "RCLProdutos", "RCLProdutos\RCLProdutos.csproj", "{8C9BED20-779E-4D1E-B545-05660B92AB7B}"
EndProject
Global
	GlobalSection(SolutionConfigurationPlatforms) = preSolution
		Debug|Any CPU = Debug|Any CPU
		Debug|x64 = Debug|x64
		Debug|x86 = Debug|x86
		Release|Any CPU = Release|Any CPU
		Release|x64 = Release|x64
		Release|x86 = Release|x86
	EndGlobalSection
	GlobalSection(ProjectConfigurationPlatforms) = postSolution
		{4D6D66D4-2B87-402A-A91A-042118F3D883}.Debug|Any CPU.ActiveCfg = Debug|Any CPU
		{4D6D66D4-2B87-402A-A91A-042118F3D883}.Debug|Any CPU.Build.0 = Debug|Any CPU
		{4D6D66D4-2B87-402A-A91A-042118F3D883}.Debug|x64.ActiveCfg = Debug|Any CPU
		{4D6D66D4-2B87-402A-A91A-042118F3D883}.Debug|x64.Build.0 = Debug|Any CPU
		{4D6D66D4-2B87-402A-A91A-042118F3D883}.Debug|x86.ActiveCfg = Debug|Any CPU
		{4D6D66D4-2B87-402A-A91A-042118F3D883}.Debug|x86.Build.0 = Debug|Any CPU
		{4D6D66D4-2B87-402A-A91A-042118F3D883}.Release|Any CPU.ActiveCfg = Release|Any CPU
		{4D6D66D4-2B87-402A-A91A-042118F3D883}.Release|Any CPU.Build.0 = Release|Any CPU
		{4D6D66D4-2B87-402A-A91A-042118F3D883}.Release|x64.ActiveCfg = Release|Any CPU
		{4D6D66D4-2B87-402A-A91A-042118F3D883}.Release|x64.Build.0 = Release|Any CPU
		{4D6D66D4-2B87-402A-A91A-042118F3D883}.Release|x86.ActiveCfg = Release|Any CPU
		{4D6D66D4-2B87-402A-A91A-042118F3D883}.Release|x86.Build.0 = Release|Any CPU
		{3C2576C2-FB46-4F5D-BCF9-87A8D3E4C6BB}.Debug|Any CPU.ActiveCfg = Debug|Any CPU
		{3C2576C2-FB46-4F5D-BCF9-87A8D3E4C6BB}.Debug|Any CPU.Build.0 = Debug|Any CPU
		{3C2576C2-FB46-4F5D-BCF9-87A8D3E4C6BB}.Debug|x64.ActiveCfg = Debug|Any CPU
		{3C2576C2-FB46-4F5D-BCF9-87A8D3E4C6BB}.Debug|x64.Build.0 = Debug|Any CPU
		{3C2576C2-FB46-4F5D-BCF9-87A8D3E4C6BB}.Debug|x86.ActiveCfg = Debug|Any CPU
		{3C2576C2-FB46-4F5D-BCF9-87A8D3E4C6BB}.Debug|x86.Build.0 = Debug|Any CPU
		{3C2576C2-FB46-4F5D-BCF9-87A8D3E4C6BB}.Release|Any CPU.ActiveCfg = Release|Any CPU
		{3C2576C2-FB46-4F5D-BCF9-87A8D3E4C6BB}.Release|Any CPU.Build.0 = Release|Any CPU
		{3C2576C2-FB46-4F5D-BCF9-87A8D3E4C6BB}.Release|x64.ActiveCfg = Release|Any CPU
		{3C2576C2-FB46-4F5D-BCF9-87A8D3E4C6BB}.Release|x64.Build.0 = Release|Any CPU
		{3C2576C2-FB46-4F5D-BCF9-87A8D3E4C6BB}.Release|x86.ActiveCfg = Release|Any CPU
		{3C2576C2-FB46-4F5D-BCF9-87A8D3E4C6BB}.Release|x86.Build.0 = Release|Any CPU
		{ECFA529F-FB91-4B2E-A194-FC3AAC576F21}.Debug|Any CPU.ActiveCfg = Debug|Any CPU
		{ECFA529F-FB91-4B2E-A194-FC3AAC576F21}.Debug|Any CPU.Build.0 = Debug|Any CPU
		{ECFA529F-FB91-4B2E-A194-FC3AAC576F21}.Debug|Any CPU.Deploy.0 = Debug|Any CPU
		{ECFA529F-FB91-4B2E-A194-FC3AAC576F21}.Debug|x64.ActiveCfg = Debug|Any CPU
		{ECFA529F-FB91-4B2E-A194-FC3AAC576F21}.Debug|x64.Build.0 = Debug|Any CPU
		{ECFA529F-FB91-4B2E-A194-FC3AAC576F21}.Debug|x64.Deploy.0 = Debug|Any CPU
		{ECFA529F-FB91-4B2E-A194-FC3AAC576F21}.Debug|x86.ActiveCfg = Debug|Any CPU
		{ECFA529F-FB91-4B2E-A194-FC3AAC576F21}.Debug|x86.Build.0 = Debug|Any CPU
		{ECFA529F-FB91-4B2E-A194-FC3AAC576F21}.Debug|x86.Deploy.0 = Debug|Any CPU
		{ECFA529F-FB91-4B2E-A194-FC3AAC576F21}.Release|Any CPU.ActiveCfg = Release|Any CPU
		{ECFA529F-FB91-4B2E-A194-FC3AAC576F21}.Release|Any CPU.Build.0 = Release|Any CPU
		{ECFA529F-FB91-4B2E-A194-FC3AAC576F21}.Release|Any CPU.Deploy.0 = Release|Any CPU
		{ECFA529F-FB91-4B2E-A194-FC3AAC576F21}.Release|x64.ActiveCfg = Release|Any CPU
		{ECFA529F-FB91-4B2E-A194-FC3AAC576F21}.Release|x64.Build.0 = Release|Any CPU
		{ECFA529F-FB91-4B2E-A194-FC3AAC576F21}.Release|x64.Deploy.0 = Release|Any CPU
		{ECFA529F-FB91-4B2E-A194-FC3AAC576F21}.Release|x86.ActiveCfg = Release|Any CPU
		{ECFA529F-FB91-4B2E-A194-FC3AAC576F21}.Release|x86.Build.0 = Release|Any CPU
		{ECFA529F-FB91-4B2E-A194-FC3AAC576F21}.Release|x86.Deploy.0 = Release|Any CPU
		{1C59E48A-52D7-47AC-94C2-7391717531FB}.Debug|Any CPU.ActiveCfg = Debug|Any CPU
		{1C59E48A-52D7-47AC-94C2-7391717531FB}.Debug|Any CPU.Build.0 = Debug|Any CPU
		{1C59E48A-52D7-47AC-94C2-7391717531FB}.Debug|x64.ActiveCfg = Debug|Any CPU
		{1C59E48A-52D7-47AC-94C2-7391717531FB}.Debug|x64.Build.0 = Debug|Any CPU
		{1C59E48A-52D7-47AC-94C2-7391717531FB}.Debug|x86.ActiveCfg = Debug|Any CPU
		{1C59E48A-52D7-47AC-94C2-7391717531FB}.Debug|x86.Build.0 = Debug|Any CPU
		{1C59E48A-52D7-47AC-94C2-7391717531FB}.Release|Any CPU.ActiveCfg = Release|Any CPU
		{1C59E48A-52D7-47AC-94C2-7391717531FB}.Release|Any CPU.Build.0 = Release|Any CPU
		{1C59E48A-52D7-47AC-94C2-7391717531FB}.Release|x64.ActiveCfg = Release|Any CPU
		{1C59E48A-52D7-47AC-94C2-7391717531FB}.Release|x64.Build.0 = Release|Any CPU
		{1C59E48A-52D7-47AC-94C2-7391717531FB}.Release|x86.ActiveCfg = Release|Any CPU
		{1C59E48A-52D7-47AC-94C2-7391717531FB}.Release|x86.Build.0 = Release|Any CPU
		{C1879159-7938-43EB-B0EE-DF324AD456BE}.Debug|Any CPU.ActiveCfg = Debug|Any CPU
		{C1879159-7938-43EB-B0EE-DF324AD456BE}.Debug|Any CPU.Build.0 = Debug|Any CPU
		{C1879159-7938-43EB-B0EE-DF324AD456BE}.Debug|x64.ActiveCfg = Debug|Any CPU
		{C1879159-7938-43EB-B0EE-DF324AD456BE}.Debug|x64.Build.0 = Debug|Any CPU
		{C1879159-7938-43EB-B0EE-DF324AD456BE}.Debug|x86.ActiveCfg = Debug|Any CPU
		{C1879159-7938-43EB-B0EE-DF324AD456BE}.Debug|x86.Build.0 = Debug|Any CPU
		{C1879159-7938-43EB-B0EE-DF324AD456BE}.Release|Any CPU.ActiveCfg = Release|Any CPU
		{C1879159-7938-43EB-B0EE-DF324AD456BE}.Release|Any CPU.Build.0 = Release|Any CPU
		{C1879159-7938-43EB-B0EE-DF324AD456BE}.Release|x64.ActiveCfg = Release|Any CPU
		{C1879159-7938-43EB-B0EE-DF324AD456BE}.Release|x64.Build.0 = Release|Any CPU
		{C1879159-7938-43EB-B0EE-DF324AD456BE}.Release|x86.ActiveCfg = Release|Any CPU
		{C1879159-7938-43EB-B0EE-DF324AD456BE}.Release|x86.Build.0 = Release|Any CPU
		{6F60AFF5-83D4-43B5-8506-C9521AB45476}.Debug|Any CPU.ActiveCfg = Debug|Any CPU
		{6F60AFF5-83D4-43B5-8506-C9521AB45476}.Debug|Any CPU.Build.0 = Debug|Any CPU
		{6F60AFF5-83D4-43B5-8506-C9521AB45476}.Debug|x64.ActiveCfg = Debug|Any CPU
		{6F60AFF5-83D4-43B5-8506-C9521AB45476}.Debug|x64.Build.0 = Debug|Any CPU
		{6F60AFF5-83D4-43B5-8506-C9521AB45476}.Debug|x86.ActiveCfg = Debug|Any CPU
		{6F60AFF5-83D4-43B5-8506-C9521AB45476}.Debug|x86.Build.0 = Debug|Any CPU
		{6F60AFF5-83D4-43B5-8506-C9521AB45476}.Release|Any CPU.ActiveCfg = Release|Any CPU
		{6F60AFF5-83D4-43B5-8506-C9521AB45476}.Release|Any CPU.Build.0 = Release|Any CPU
		{6F60AFF5-83D4-43B5-8506-C9521AB45476}.Release|x64.ActiveCfg = Release|Any CPU
		{6F60AFF5-83D4-43B5-8506-C9521AB45476}.Release|x64.Build.0 = Release|Any CPU
		{6F60AFF5-83D4-43B5-8506-C9521AB45476}.Release|x86.ActiveCfg = Release|Any CPU
		{6F60AFF5-83D4-43B5-8506-C9521AB45476}.Release|x86.Build.0 = Release|Any CPU
		{BFE41D9E-E07C-4EBA-B538-7BD06824AFD5}.Debug|Any CPU.ActiveCfg = Debug|Any CPU
		{BFE41D9E-E07C-4EBA-B538-7BD06824AFD5}.Debug|Any CPU.Build.0 = Debug|Any CPU
		{BFE41D9E-E07C-4EBA-B538-7BD06824AFD5}.Debug|x64.ActiveCfg = Debug|Any CPU
		{BFE41D9E-E07C-4EBA-B538-7BD06824AFD5}.Debug|x64.Build.0 = Debug|Any CPU
		{BFE41D9E-E07C-4EBA-B538-7BD06824AFD5}.Debug|x86.ActiveCfg = Debug|Any CPU
		{BFE41D9E-E07C-4EBA-B538-7BD06824AFD5}.Debug|x86.Build.0 = Debug|Any CPU
		{BFE41D9E-E07C-4EBA-B538-7BD06824AFD5}.Release|Any CPU.ActiveCfg = Release|Any CPU
		{BFE41D9E-E07C-4EBA-B538-7BD06824AFD5}.Release|Any CPU.Build.0 = Release|Any CPU
		{BFE41D9E-E07C-4EBA-B538-7BD06824AFD5}.Release|x64.ActiveCfg = Release|Any CPU
		{BFE41D9E-E07C-4EBA-B538-7BD06824AFD5}.Release|x64.Build.0 = Release|Any CPU
		{BFE41D9E-E07C-4EBA-B538-7BD06824AFD5}.Release|x86.ActiveCfg = Release|Any CPU
		{BFE41D9E-E07C-4EBA-B538-7BD06824AFD5}.Release|x86.Build.0 = Release|Any CPU
		{8C9BED20-779E-4D1E-B545-05660B92AB7B}.Debug|Any CPU.ActiveCfg = Debug|Any CPU
		{8C9BED20-779E-4D1E-B545-05660B92AB7B}.Debug|Any CPU.Build.0 = Debug|Any CPU
		{8C9BED20-779E-4D1E-B545-05660B92AB7B}.Debug|x64.ActiveCfg = Debug|Any CPU
		{8C9BED20-779E-4D1E-B545-05660B92AB7B}.Debug|x64.Build.0 = Debug|Any CPU
		{8C9BED20-779E-4D1E-B545-05660B92AB7B}.Debug|x86.ActiveCfg = Debug|Any CPU
		{8C9BED20-779E-4D1E-B545-05660B92AB7B}.Debug|x86.Build.0 = Debug|Any CPU
		{8C9BED20-779E-4D1E-B545-05660B92AB7B}.Release|Any CPU.ActiveCfg = Release|Any CPU
		{8C9BED20-779E-4D1E-B545-05660B92AB7B}.Release|Any CPU.Build.0 = Release|Any CPU
		{8C9BED20-779E-4D1E-B545-05660B92AB7B}.Release|x64.ActiveCfg = Release|Any CPU
		{8C9BED20-779E-4D1E-B545-05660B92AB7B}.Release|x64.Build.0 = Release|Any CPU
		{8C9BED20-779E-4D1E-B545-05660B92AB7B}.Release|x86.ActiveCfg = Release|Any CPU
		{8C9BED20-779E-4D1E-B545-05660B92AB7B}.Release|x86.Build.0 = Release|Any CPU
	EndGlobalSection
	GlobalSection(SolutionProperties) = preSolution
		HideSolutionNode = FALSE
	EndGlobalSection
	GlobalSection(ExtensibilityGlobals) = postSolution
		SolutionGuid = {1A6B5F44-978F-44EC-A787-F9267456C314}
	EndGlobalSection
EndGlobal
